
Microsoft Visual Studio Solution File, Format Version 12.00
# Visual Studio Version 17
VisualStudioVersion = 17.10.34607.79
MinimumVisualStudioVersion = 10.0.40219.1
Project("{FAE04EC0-301F-11D3-BF4B-00C04F79EFBC}") = "Sesion7", "Sesion7\Sesion7.csproj", "{DE9C3F5A-BB7F-4A13-B176-461557B72FDD}"
EndProject
Global
	GlobalSection(SolutionConfigurationPlatforms) = preSolution
		Debug|Any CPU = Debug|Any CPU
		Release|Any CPU = Release|Any CPU
	EndGlobalSection
	GlobalSection(ProjectConfigurationPlatforms) = postSolution
		{DE9C3F5A-BB7F-4A13-B176-461557B72FDD}.Debug|Any CPU.ActiveCfg = Debug|Any CPU
		{DE9C3F5A-BB7F-4A13-B176-461557B72FDD}.Debug|Any CPU.Build.0 = Debug|Any CPU
		{DE9C3F5A-BB7F-4A13-B176-461557B72FDD}.Release|Any CPU.ActiveCfg = Release|Any CPU
		{DE9C3F5A-BB7F-4A13-B176-461557B72FDD}.Release|Any CPU.Build.0 = Release|Any CPU
	EndGlobalSection
	GlobalSection(SolutionProperties) = preSolution
		HideSolutionNode = FALSE
	EndGlobalSection
	GlobalSection(ExtensibilityGlobals) = postSolution
		SolutionGuid = {521A8C0C-BDA3-4674-B326-7CC6D1FE2B79}
	EndGlobalSection
EndGlobal
