
Microsoft Visual Studio Solution File, Format Version 12.00
# Visual Studio Version 17
VisualStudioVersion = 17.10.34607.79
MinimumVisualStudioVersion = 10.0.40219.1
Project("{FAE04EC0-301F-11D3-BF4B-00C04F79EFBC}") = "ConsoleApp1", "ConsoleApp1\ConsoleApp1.csproj", "{7FB4008A-83F6-432A-9865-AE4D29050C22}"
EndProject
Global
	GlobalSection(SolutionConfigurationPlatforms) = preSolution
		Debug|Any CPU = Debug|Any CPU
		Release|Any CPU = Release|Any CPU
	EndGlobalSection
	GlobalSection(ProjectConfigurationPlatforms) = postSolution
		{7FB4008A-83F6-432A-9865-AE4D29050C22}.Debug|Any CPU.ActiveCfg = Debug|Any CPU
		{7FB4008A-83F6-432A-9865-AE4D29050C22}.Debug|Any CPU.Build.0 = Debug|Any CPU
		{7FB4008A-83F6-432A-9865-AE4D29050C22}.Release|Any CPU.ActiveCfg = Release|Any CPU
		{7FB4008A-83F6-432A-9865-AE4D29050C22}.Release|Any CPU.Build.0 = Release|Any CPU
	EndGlobalSection
	GlobalSection(SolutionProperties) = preSolution
		HideSolutionNode = FALSE
	EndGlobalSection
	GlobalSection(ExtensibilityGlobals) = postSolution
		SolutionGuid = {81DAF22F-FBB2-44DB-99B1-155F0748445C}
	EndGlobalSection
EndGlobal
